
Microsoft Visual Studio Solution File, Format Version 12.00
# Visual Studio Version 16
VisualStudioVersion = 16.6.30114.105
MinimumVisualStudioVersion = 10.0.40219.1
Project("{9A19103F-16F7-4668-BE54-9A1E7A4F7556}") = "DAL", "DAL\DAL.csproj", "{C96D914A-DD70-4BCF-8251-EFB99464CAAD}"
EndProject
Project("{9A19103F-16F7-4668-BE54-9A1E7A4F7556}") = "BL", "BL\BL.csproj", "{0B73E3C1-781D-4E76-9859-0FD2D3377CC6}"
EndProject
Project("{9A19103F-16F7-4668-BE54-9A1E7A4F7556}") = "Persistance", "Persistance\Persistance.csproj", "{AFD7D605-9854-4278-A9E0-F1506D21EDAB}"
EndProject
Project("{9A19103F-16F7-4668-BE54-9A1E7A4F7556}") = "ConsolePL", "ConsolePL\ConsolePL.csproj", "{B30C3AEF-D91A-4FEB-A6A8-AEC4270F7A2F}"
EndProject
Project("{9A19103F-16F7-4668-BE54-9A1E7A4F7556}") = "TestDAL", "TestDAL\TestDAL.csproj", "{54ACCBFA-CA21-415A-BE68-864FCC05A7A2}"
EndProject
Project("{9A19103F-16F7-4668-BE54-9A1E7A4F7556}") = "Utilities", "Utilities\Utilities.csproj", "{49CED681-8F78-43B6-A69F-B8150C3FB9EE}"
EndProject
Project("{54435603-DBB4-11D2-8724-00A0C9A8B90C}") = "Setup", "Setup\Setup.vdproj", "{4CA02A1D-65CF-4013-85B1-79FFFF967789}"
EndProject
Global
	GlobalSection(SolutionConfigurationPlatforms) = preSolution
		Debug|Any CPU = Debug|Any CPU
		Debug|x64 = Debug|x64
		Debug|x86 = Debug|x86
		Release|Any CPU = Release|Any CPU
		Release|x64 = Release|x64
		Release|x86 = Release|x86
	EndGlobalSection
	GlobalSection(ProjectConfigurationPlatforms) = postSolution
		{C96D914A-DD70-4BCF-8251-EFB99464CAAD}.Debug|Any CPU.ActiveCfg = Debug|Any CPU
		{C96D914A-DD70-4BCF-8251-EFB99464CAAD}.Debug|Any CPU.Build.0 = Debug|Any CPU
		{C96D914A-DD70-4BCF-8251-EFB99464CAAD}.Debug|x64.ActiveCfg = Debug|Any CPU
		{C96D914A-DD70-4BCF-8251-EFB99464CAAD}.Debug|x64.Build.0 = Debug|Any CPU
		{C96D914A-DD70-4BCF-8251-EFB99464CAAD}.Debug|x86.ActiveCfg = Debug|Any CPU
		{C96D914A-DD70-4BCF-8251-EFB99464CAAD}.Debug|x86.Build.0 = Debug|Any CPU
		{C96D914A-DD70-4BCF-8251-EFB99464CAAD}.Release|Any CPU.ActiveCfg = Release|Any CPU
		{C96D914A-DD70-4BCF-8251-EFB99464CAAD}.Release|Any CPU.Build.0 = Release|Any CPU
		{C96D914A-DD70-4BCF-8251-EFB99464CAAD}.Release|x64.ActiveCfg = Release|Any CPU
		{C96D914A-DD70-4BCF-8251-EFB99464CAAD}.Release|x64.Build.0 = Release|Any CPU
		{C96D914A-DD70-4BCF-8251-EFB99464CAAD}.Release|x86.ActiveCfg = Release|Any CPU
		{C96D914A-DD70-4BCF-8251-EFB99464CAAD}.Release|x86.Build.0 = Release|Any CPU
		{0B73E3C1-781D-4E76-9859-0FD2D3377CC6}.Debug|Any CPU.ActiveCfg = Debug|Any CPU
		{0B73E3C1-781D-4E76-9859-0FD2D3377CC6}.Debug|Any CPU.Build.0 = Debug|Any CPU
		{0B73E3C1-781D-4E76-9859-0FD2D3377CC6}.Debug|x64.ActiveCfg = Debug|Any CPU
		{0B73E3C1-781D-4E76-9859-0FD2D3377CC6}.Debug|x64.Build.0 = Debug|Any CPU
		{0B73E3C1-781D-4E76-9859-0FD2D3377CC6}.Debug|x86.ActiveCfg = Debug|Any CPU
		{0B73E3C1-781D-4E76-9859-0FD2D3377CC6}.Debug|x86.Build.0 = Debug|Any CPU
		{0B73E3C1-781D-4E76-9859-0FD2D3377CC6}.Release|Any CPU.ActiveCfg = Release|Any CPU
		{0B73E3C1-781D-4E76-9859-0FD2D3377CC6}.Release|Any CPU.Build.0 = Release|Any CPU
		{0B73E3C1-781D-4E76-9859-0FD2D3377CC6}.Release|x64.ActiveCfg = Release|Any CPU
		{0B73E3C1-781D-4E76-9859-0FD2D3377CC6}.Release|x64.Build.0 = Release|Any CPU
		{0B73E3C1-781D-4E76-9859-0FD2D3377CC6}.Release|x86.ActiveCfg = Release|Any CPU
		{0B73E3C1-781D-4E76-9859-0FD2D3377CC6}.Release|x86.Build.0 = Release|Any CPU
		{AFD7D605-9854-4278-A9E0-F1506D21EDAB}.Debug|Any CPU.ActiveCfg = Debug|Any CPU
		{AFD7D605-9854-4278-A9E0-F1506D21EDAB}.Debug|Any CPU.Build.0 = Debug|Any CPU
		{AFD7D605-9854-4278-A9E0-F1506D21EDAB}.Debug|x64.ActiveCfg = Debug|Any CPU
		{AFD7D605-9854-4278-A9E0-F1506D21EDAB}.Debug|x64.Build.0 = Debug|Any CPU
		{AFD7D605-9854-4278-A9E0-F1506D21EDAB}.Debug|x86.ActiveCfg = Debug|Any CPU
		{AFD7D605-9854-4278-A9E0-F1506D21EDAB}.Debug|x86.Build.0 = Debug|Any CPU
		{AFD7D605-9854-4278-A9E0-F1506D21EDAB}.Release|Any CPU.ActiveCfg = Release|Any CPU
		{AFD7D605-9854-4278-A9E0-F1506D21EDAB}.Release|Any CPU.Build.0 = Release|Any CPU
		{AFD7D605-9854-4278-A9E0-F1506D21EDAB}.Release|x64.ActiveCfg = Release|Any CPU
		{AFD7D605-9854-4278-A9E0-F1506D21EDAB}.Release|x64.Build.0 = Release|Any CPU
		{AFD7D605-9854-4278-A9E0-F1506D21EDAB}.Release|x86.ActiveCfg = Release|Any CPU
		{AFD7D605-9854-4278-A9E0-F1506D21EDAB}.Release|x86.Build.0 = Release|Any CPU
		{B30C3AEF-D91A-4FEB-A6A8-AEC4270F7A2F}.Debug|Any CPU.ActiveCfg = Debug|Any CPU
		{B30C3AEF-D91A-4FEB-A6A8-AEC4270F7A2F}.Debug|Any CPU.Build.0 = Debug|Any CPU
		{B30C3AEF-D91A-4FEB-A6A8-AEC4270F7A2F}.Debug|x64.ActiveCfg = Debug|Any CPU
		{B30C3AEF-D91A-4FEB-A6A8-AEC4270F7A2F}.Debug|x64.Build.0 = Debug|Any CPU
		{B30C3AEF-D91A-4FEB-A6A8-AEC4270F7A2F}.Debug|x86.ActiveCfg = Debug|Any CPU
		{B30C3AEF-D91A-4FEB-A6A8-AEC4270F7A2F}.Debug|x86.Build.0 = Debug|Any CPU
		{B30C3AEF-D91A-4FEB-A6A8-AEC4270F7A2F}.Release|Any CPU.ActiveCfg = Release|Any CPU
		{B30C3AEF-D91A-4FEB-A6A8-AEC4270F7A2F}.Release|Any CPU.Build.0 = Release|Any CPU
		{B30C3AEF-D91A-4FEB-A6A8-AEC4270F7A2F}.Release|x64.ActiveCfg = Release|Any CPU
		{B30C3AEF-D91A-4FEB-A6A8-AEC4270F7A2F}.Release|x64.Build.0 = Release|Any CPU
		{B30C3AEF-D91A-4FEB-A6A8-AEC4270F7A2F}.Release|x86.ActiveCfg = Release|Any CPU
		{B30C3AEF-D91A-4FEB-A6A8-AEC4270F7A2F}.Release|x86.Build.0 = Release|Any CPU
		{54ACCBFA-CA21-415A-BE68-864FCC05A7A2}.Debug|Any CPU.ActiveCfg = Debug|Any CPU
		{54ACCBFA-CA21-415A-BE68-864FCC05A7A2}.Debug|Any CPU.Build.0 = Debug|Any CPU
		{54ACCBFA-CA21-415A-BE68-864FCC05A7A2}.Debug|x64.ActiveCfg = Debug|Any CPU
		{54ACCBFA-CA21-415A-BE68-864FCC05A7A2}.Debug|x64.Build.0 = Debug|Any CPU
		{54ACCBFA-CA21-415A-BE68-864FCC05A7A2}.Debug|x86.ActiveCfg = Debug|Any CPU
		{54ACCBFA-CA21-415A-BE68-864FCC05A7A2}.Debug|x86.Build.0 = Debug|Any CPU
		{54ACCBFA-CA21-415A-BE68-864FCC05A7A2}.Release|Any CPU.ActiveCfg = Release|Any CPU
		{54ACCBFA-CA21-415A-BE68-864FCC05A7A2}.Release|Any CPU.Build.0 = Release|Any CPU
		{54ACCBFA-CA21-415A-BE68-864FCC05A7A2}.Release|x64.ActiveCfg = Release|Any CPU
		{54ACCBFA-CA21-415A-BE68-864FCC05A7A2}.Release|x64.Build.0 = Release|Any CPU
		{54ACCBFA-CA21-415A-BE68-864FCC05A7A2}.Release|x86.ActiveCfg = Release|Any CPU
		{54ACCBFA-CA21-415A-BE68-864FCC05A7A2}.Release|x86.Build.0 = Release|Any CPU
		{49CED681-8F78-43B6-A69F-B8150C3FB9EE}.Debug|Any CPU.ActiveCfg = Debug|Any CPU
		{49CED681-8F78-43B6-A69F-B8150C3FB9EE}.Debug|Any CPU.Build.0 = Debug|Any CPU
		{49CED681-8F78-43B6-A69F-B8150C3FB9EE}.Debug|x64.ActiveCfg = Debug|Any CPU
		{49CED681-8F78-43B6-A69F-B8150C3FB9EE}.Debug|x64.Build.0 = Debug|Any CPU
		{49CED681-8F78-43B6-A69F-B8150C3FB9EE}.Debug|x86.ActiveCfg = Debug|Any CPU
		{49CED681-8F78-43B6-A69F-B8150C3FB9EE}.Debug|x86.Build.0 = Debug|Any CPU
		{49CED681-8F78-43B6-A69F-B8150C3FB9EE}.Release|Any CPU.ActiveCfg = Release|Any CPU
		{49CED681-8F78-43B6-A69F-B8150C3FB9EE}.Release|Any CPU.Build.0 = Release|Any CPU
		{49CED681-8F78-43B6-A69F-B8150C3FB9EE}.Release|x64.ActiveCfg = Release|Any CPU
		{49CED681-8F78-43B6-A69F-B8150C3FB9EE}.Release|x64.Build.0 = Release|Any CPU
		{49CED681-8F78-43B6-A69F-B8150C3FB9EE}.Release|x86.ActiveCfg = Release|Any CPU
		{49CED681-8F78-43B6-A69F-B8150C3FB9EE}.Release|x86.Build.0 = Release|Any CPU
		{4CA02A1D-65CF-4013-85B1-79FFFF967789}.Debug|Any CPU.ActiveCfg = Debug
		{4CA02A1D-65CF-4013-85B1-79FFFF967789}.Debug|x64.ActiveCfg = Debug
		{4CA02A1D-65CF-4013-85B1-79FFFF967789}.Debug|x86.ActiveCfg = Debug
		{4CA02A1D-65CF-4013-85B1-79FFFF967789}.Release|Any CPU.ActiveCfg = Release
		{4CA02A1D-65CF-4013-85B1-79FFFF967789}.Release|x64.ActiveCfg = Release
		{4CA02A1D-65CF-4013-85B1-79FFFF967789}.Release|x86.ActiveCfg = Release
	EndGlobalSection
	GlobalSection(SolutionProperties) = preSolution
		HideSolutionNode = FALSE
	EndGlobalSection
	GlobalSection(ExtensibilityGlobals) = postSolution
		SolutionGuid = {03B81875-9CEC-4052-B915-4FB3F3D16717}
	EndGlobalSection
EndGlobal
